// !$*UTF8*$!
{
	archiveVersion = 1;
	classes = {
	};
	objectVersion = 50;
	objects = {

/* Begin PBXBuildFile section */
		C510C1DA24221A3A005762BB /* AppDelegate.swift in Sources */ = {isa = PBXBuildFile; fileRef = C510C1D924221A3A005762BB /* AppDelegate.swift */; };
		C510C1DC24221A3A005762BB /* SceneDelegate.swift in Sources */ = {isa = PBXBuildFile; fileRef = C510C1DB24221A3A005762BB /* SceneDelegate.swift */; };
		C510C1DE24221A3A005762BB /* ViewController.swift in Sources */ = {isa = PBXBuildFile; fileRef = C510C1DD24221A3A005762BB /* ViewController.swift */; };
		C510C1E124221A3A005762BB /* Main.storyboard in Resources */ = {isa = PBXBuildFile; fileRef = C510C1DF24221A3A005762BB /* Main.storyboard */; };
		C510C1E424221A3A005762BB /* ToDoFire.xcdatamodeld in Sources */ = {isa = PBXBuildFile; fileRef = C510C1E224221A3A005762BB /* ToDoFire.xcdatamodeld */; };
		C510C1E624221A3D005762BB /* Assets.xcassets in Resources */ = {isa = PBXBuildFile; fileRef = C510C1E524221A3D005762BB /* Assets.xcassets */; };
		C510C1E924221A3D005762BB /* LaunchScreen.storyboard in Resources */ = {isa = PBXBuildFile; fileRef = C510C1E724221A3D005762BB /* LaunchScreen.storyboard */; };
/* End PBXBuildFile section */

/* Begin PBXFileReference section */
		C510C1D624221A3A005762BB /* ToDoFire.app */ = {isa = PBXFileReference; explicitFileType = wrapper.application; includeInIndex = 0; path = ToDoFire.app; sourceTree = BUILT_PRODUCTS_DIR; };
		C510C1D924221A3A005762BB /* AppDelegate.swift */ = {isa = PBXFileReference; lastKnownFileType = sourcecode.swift; path = AppDelegate.swift; sourceTree = "<group>"; };
		C510C1DB24221A3A005762BB /* SceneDelegate.swift */ = {isa = PBXFileReference; lastKnownFileType = sourcecode.swift; path = SceneDelegate.swift; sourceTree = "<group>"; };
		C510C1DD24221A3A005762BB /* ViewController.swift */ = {isa = PBXFileReference; lastKnownFileType = sourcecode.swift; path = ViewController.swift; sourceTree = "<group>"; };
		C510C1E024221A3A005762BB /* Base */ = {isa = PBXFileReference; lastKnownFileType = file.storyboard; name = Base; path = Base.lproj/Main.storyboard; sourceTree = "<group>"; };
		C510C1E324221A3A005762BB /* ToDoFire.xcdatamodel */ = {isa = PBXFileReference; lastKnownFileType = wrapper.xcdatamodel; path = ToDoFire.xcdatamodel; sourceTree = "<group>"; };
		C510C1E524221A3D005762BB /* Assets.xcassets */ = {isa = PBXFileReference; lastKnownFileType = folder.assetcatalog; path = Assets.xcassets; sourceTree = "<group>"; };
		C510C1E824221A3D005762BB /* Base */ = {isa = PBXFileReference; lastKnownFileType = file.storyboard; name = Base; path = Base.lproj/LaunchScreen.storyboard; sourceTree = "<group>"; };
		C510C1EA24221A3D005762BB /* Info.plist */ = {isa = PBXFileReference; lastKnownFileType = text.plist.xml; path = Info.plist; sourceTree = "<group>"; };
/* End PBXFileReference section */

/* Begin PBXFrameworksBuildPhase section */
		C510C1D324221A3A005762BB /* Frameworks */ = {
			isa = PBXFrameworksBuildPhase;
			buildActionMask = 2147483647;
			files = (
			);
			runOnlyForDeploymentPostprocessing = 0;
		};
/* End PBXFrameworksBuildPhase section */

/* Begin PBXGroup section */
		C510C1CD24221A3A005762BB = {
			isa = PBXGroup;
			children = (
				C510C1D824221A3A005762BB /* ToDoFire */,
				C510C1D724221A3A005762BB /* Products */,
			);
			sourceTree = "<group>";
		};
		C510C1D724221A3A005762BB /* Products */ = {
			isa = PBXGroup;
			children = (
				C510C1D624221A3A005762BB /* ToDoFire.app */,
			);
			name = Products;
			sourceTree = "<group>";
		};
		C510C1D824221A3A005762BB /* ToDoFire */ = {
			isa = PBXGroup;
			children = (
				C510C1D924221A3A005762BB /* AppDelegate.swift */,
				C510C1DB24221A3A005762BB /* SceneDelegate.swift */,
				C510C1DD24221A3A005762BB /* ViewController.swift */,
				C510C1DF24221A3A005762BB /* Main.storyboard */,
				C510C1E524221A3D005762BB /* Assets.xcassets */,
				C510C1E724221A3D005762BB /* LaunchScreen.storyboard */,
				C510C1EA24221A3D005762BB /* Info.plist */,
				C510C1E224221A3A005762BB /* ToDoFire.xcdatamodeld */,
			);
			path = ToDoFire;
			sourceTree = "<group>";
		};
/* End PBXGroup section */

/* Begin PBXNativeTarget section */
		C510C1D524221A3A005762BB /* ToDoFire */ = {
			isa = PBXNativeTarget;
			buildConfigurationList = C510C1ED24221A3D005762BB /* Build configuration list for PBXNativeTarget "ToDoFire" */;
			buildPhases = (
				C510C1D224221A3A005762BB /* Sources */,
				C510C1D324221A3A005762BB /* Frameworks */,
				C510C1D424221A3A005762BB /* Resources */,
			);
			buildRules = (
			);
			dependencies = (
			);
			name = ToDoFire;
			productName = ToDoFire;
			productReference = C510C1D624221A3A005762BB /* ToDoFire.app */;
			productType = "com.apple.product-type.application";
		};
/* End PBXNativeTarget section */

/* Begin PBXProject section */
		C510C1CE24221A3A005762BB /* Project object */ = {
			isa = PBXProject;
			attributes = {
				LastSwiftUpdateCheck = 1130;
				LastUpgradeCheck = 1130;
				ORGANIZATIONNAME = "Sergey Malakhov";
				TargetAttributes = {
					C510C1D524221A3A005762BB = {
						CreatedOnToolsVersion = 11.3.1;
					};
				};
			};
			buildConfigurationList = C510C1D124221A3A005762BB /* Build configuration list for PBXProject "ToDoFire" */;
			compatibilityVersion = "Xcode 9.3";
			developmentRegion = en;
			hasScannedForEncodings = 0;
			knownRegions = (
				en,
				Base,
			);
			mainGroup = C510C1CD24221A3A005762BB;
			productRefGroup = C510C1D724221A3A005762BB /* Products */;
			projectDirPath = "";
			projectRoot = "";
			targets = (
				C510C1D524221A3A005762BB /* ToDoFire */,
			);
		};
/* End PBXProject section */

/* Begin PBXResourcesBuildPhase section */
		C510C1D424221A3A005762BB /* Resources */ = {
			isa = PBXResourcesBuildPhase;
			buildActionMask = 2147483647;
			files = (
				C510C1E924221A3D005762BB /* LaunchScreen.storyboard in Resources */,
				C510C1E624221A3D005762BB /* Assets.xcassets in Resources */,
				C510C1E124221A3A005762BB /* Main.storyboard in Resources */,
			);
			runOnlyForDeploymentPostprocessing = 0;
		};
/* End PBXResourcesBuildPhase section */

/* Begin PBXSourcesBuildPhase section */
		C510C1D224221A3A005762BB /* Sources */ = {
			isa = PBXSourcesBuildPhase;
			buildActionMask = 2147483647;
			files = (
				C510C1DE24221A3A005762BB /* ViewController.swift in Sources */,
				C510C1E424221A3A005762BB /* ToDoFire.xcdatamodeld in Sources */,
				C510C1DA24221A3A005762BB /* AppDelegate.swift in Sources */,
				C510C1DC24221A3A005762BB /* SceneDelegate.swift in Sources */,
			);
			runOnlyForDeploymentPostprocessing = 0;
		};
/* End PBXSourcesBuildPhase section */

/* Begin PBXVariantGroup section */
		C510C1DF24221A3A005762BB /* Main.storyboard */ = {
			isa = PBXVariantGroup;
			children = (
				C510C1E024221A3A005762BB /* Base */,
			);
			name = Main.storyboard;
			sourceTree = "<group>";
		};
		C510C1E724221A3D005762BB /* LaunchScreen.storyboard */ = {
			isa = PBXVariantGroup;
			children = (
				C510C1E824221A3D005762BB /* Base */,
			);
			name = LaunchScreen.storyboard;
			sourceTree = "<group>";
		};
/* End PBXVariantGroup section */

/* Begin XCBuildConfiguration section */
		C510C1EB24221A3D005762BB /* Debug */ = {
			isa = XCBuildConfiguration;
			buildSettings = {
				ALWAYS_SEARCH_USER_PATHS = NO;
				CLANG_ANALYZER_NONNULL = YES;
				CLANG_ANALYZER_NUMBER_OBJECT_CONVERSION = YES_AGGRESSIVE;
				CLANG_CXX_LANGUAGE_STANDARD = "gnu++14";
				CLANG_CXX_LIBRARY = "libc++";
				CLANG_ENABLE_MODULES = YES;
				CLANG_ENABLE_OBJC_ARC = YES;
				CLANG_ENABLE_OBJC_WEAK = YES;
				CLANG_WARN_BLOCK_CAPTURE_AUTORELEASING = YES;
				CLANG_WARN_BOOL_CONVERSION = YES;
				CLANG_WARN_COMMA = YES;
				CLANG_WARN_CONSTANT_CONVERSION = YES;
				CLANG_WARN_DEPRECATED_OBJC_IMPLEMENTATIONS = YES;
				CLANG_WARN_DIRECT_OBJC_ISA_USAGE = YES_ERROR;
				CLANG_WARN_DOCUMENTATION_COMMENTS = YES;
				CLANG_WARN_EMPTY_BODY = YES;
				CLANG_WARN_ENUM_CONVERSION = YES;
				CLANG_WARN_INFINITE_RECURSION = YES;
				CLANG_WARN_INT_CONVERSION = YES;
				CLANG_WARN_NON_LITERAL_NULL_CONVERSION = YES;
				CLANG_WARN_OBJC_IMPLICIT_RETAIN_SELF = YES;
				CLANG_WARN_OBJC_LITERAL_CONVERSION = YES;
				CLANG_WARN_OBJC_ROOT_CLASS = YES_ERROR;
				CLANG_WARN_RANGE_LOOP_ANALYSIS = YES;
				CLANG_WARN_STRICT_PROTOTYPES = YES;
				CLANG_WARN_SUSPICIOUS_MOVE = YES;
				CLANG_WARN_UNGUARDED_AVAILABILITY = YES_AGGRESSIVE;
				CLANG_WARN_UNREACHABLE_CODE = YES;
				CLANG_WARN__DUPLICATE_METHOD_MATCH = YES;
				COPY_PHASE_STRIP = NO;
				DEBUG_INFORMATION_FORMAT = dwarf;
				ENABLE_STRICT_OBJC_MSGSEND = YES;
				ENABLE_TESTABILITY = YES;
				GCC_C_LANGUAGE_STANDARD = gnu11;
				GCC_DYNAMIC_NO_PIC = NO;
				GCC_NO_COMMON_BLOCKS = YES;
				GCC_OPTIMIZATION_LEVEL = 0;
				GCC_PREPROCESSOR_DEFINITIONS = (
					"DEBUG=1",
					"$(inherited)",
				);
				GCC_WARN_64_TO_32_BIT_CONVERSION = YES;
				GCC_WARN_ABOUT_RETURN_TYPE = YES_ERROR;
				GCC_WARN_UNDECLARED_SELECTOR = YES;
				GCC_WARN_UNINITIALIZED_AUTOS = YES_AGGRESSIVE;
				GCC_WARN_UNUSED_FUNCTION = YES;
				GCC_WARN_UNUSED_VARIABLE = YES;
				IPHONEOS_DEPLOYMENT_TARGET = 13.2;
				MTL_ENABLE_DEBUG_INFO = INCLUDE_SOURCE;
				MTL_FAST_MATH = YES;
				ONLY_ACTIVE_ARCH = YES;
				SDKROOT = iphoneos;
				SWIFT_ACTIVE_COMPILATION_CONDITIONS = DEBUG;
				SWIFT_OPTIMIZATION_LEVEL = "-Onone";
			};
			name = Debug;
		};
		C510C1EC24221A3D005762BB /* Release */ = {
			isa = XCBuildConfiguration;
			buildSettings = {
				ALWAYS_SEARCH_USER_PATHS = NO;
				CLANG_ANALYZER_NONNULL = YES;
				CLANG_ANALYZER_NUMBER_OBJECT_CONVERSION = YES_AGGRESSIVE;
				CLANG_CXX_LANGUAGE_STANDARD = "gnu++14";
				CLANG_CXX_LIBRARY = "libc++";
				CLANG_ENABLE_MODULES = YES;
				CLANG_ENABLE_OBJC_ARC = YES;
				CLANG_ENABLE_OBJC_WEAK = YES;
				CLANG_WARN_BLOCK_CAPTURE_AUTORELEASING = YES;
				CLANG_WARN_BOOL_CONVERSION = YES;
				CLANG_WARN_COMMA = YES;
				CLANG_WARN_CONSTANT_CONVERSION = YES;
				CLANG_WARN_DEPRECATED_OBJC_IMPLEMENTATIONS = YES;
				CLANG_WARN_DIRECT_OBJC_ISA_USAGE = YES_ERROR;
				CLANG_WARN_DOCUMENTATION_COMMENTS = YES;
				CLANG_WARN_EMPTY_BODY = YES;
				CLANG_WARN_ENUM_CONVERSION = YES;
				CLANG_WARN_INFINITE_RECURSION = YES;
				CLANG_WARN_INT_CONVERSION = YES;
				CLANG_WARN_NON_LITERAL_NULL_CONVERSION = YES;
				CLANG_WARN_OBJC_IMPLICIT_RETAIN_SELF = YES;
				CLANG_WARN_OBJC_LITERAL_CONVERSION = YES;
				CLANG_WARN_OBJC_ROOT_CLASS = YES_ERROR;
				CLANG_WARN_RANGE_LOOP_ANALYSIS = YES;
				CLANG_WARN_STRICT_PROTOTYPES = YES;
				CLANG_WARN_SUSPICIOUS_MOVE = YES;
				CLANG_WARN_UNGUARDED_AVAILABILITY = YES_AGGRESSIVE;
				CLANG_WARN_UNREACHABLE_CODE = YES;
				CLANG_WARN__DUPLICATE_METHOD_MATCH = YES;
				COPY_PHASE_STRIP = NO;
				DEBUG_INFORMATION_FORMAT = "dwarf-with-dsym";
				ENABLE_NS_ASSERTIONS = NO;
				ENABLE_STRICT_OBJC_MSGSEND = YES;
				GCC_C_LANGUAGE_STANDARD = gnu11;
				GCC_NO_COMMON_BLOCKS = YES;
				GCC_WARN_64_TO_32_BIT_CONVERSION = YES;
				GCC_WARN_ABOUT_RETURN_TYPE = YES_ERROR;
				GCC_WARN_UNDECLARED_SELECTOR = YES;
				GCC_WARN_UNINITIALIZED_AUTOS = YES_AGGRESSIVE;
				GCC_WARN_UNUSED_FUNCTION = YES;
				GCC_WARN_UNUSED_VARIABLE = YES;
				IPHONEOS_DEPLOYMENT_TARGET = 13.2;
				MTL_ENABLE_DEBUG_INFO = NO;
				MTL_FAST_MATH = YES;
				SDKROOT = iphoneos;
				SWIFT_COMPILATION_MODE = wholemodule;
				SWIFT_OPTIMIZATION_LEVEL = "-O";
				VALIDATE_PRODUCT = YES;
			};
			name = Release;
		};
		C510C1EE24221A3D005762BB /* Debug */ = {
			isa = XCBuildConfiguration;
			buildSettings = {
				ASSETCATALOG_COMPILER_APPICON_NAME = AppIcon;
				CODE_SIGN_STYLE = Automatic;
				DEVELOPMENT_TEAM = W25F49ND23;
				INFOPLIST_FILE = ToDoFire/Info.plist;
				LD_RUNPATH_SEARCH_PATHS = (
					"$(inherited)",
					"@executable_path/Frameworks",
				);
				PRODUCT_BUNDLE_IDENTIFIER = ru.smalakhov.ToDoFire;
				PRODUCT_NAME = "$(TARGET_NAME)";
				SWIFT_VERSION = 5.0;
				TARGETED_DEVICE_FAMILY = "1,2";
			};
			name = Debug;
		};
		C510C1EF24221A3D005762BB /* Release */ = {
			isa = XCBuildConfiguration;
			buildSettings = {
				ASSETCATALOG_COMPILER_APPICON_NAME = AppIcon;
				CODE_SIGN_STYLE = Automatic;
				DEVELOPMENT_TEAM = W25F49ND23;
				INFOPLIST_FILE = ToDoFire/Info.plist;
				LD_RUNPATH_SEARCH_PATHS = (
					"$(inherited)",
					"@executable_path/Frameworks",
				);
				PRODUCT_BUNDLE_IDENTIFIER = ru.smalakhov.ToDoFire;
				PRODUCT_NAME = "$(TARGET_NAME)";
				SWIFT_VERSION = 5.0;
				TARGETED_DEVICE_FAMILY = "1,2";
			};
			name = Release;
		};
/* End XCBuildConfiguration section */

/* Begin XCConfigurationList section */
		C510C1D124221A3A005762BB /* Build configuration list for PBXProject "ToDoFire" */ = {
			isa = XCConfigurationList;
			buildConfigurations = (
				C510C1EB24221A3D005762BB /* Debug */,
				C510C1EC24221A3D005762BB /* Release */,
			);
			defaultConfigurationIsVisible = 0;
			defaultConfigurationName = Release;
		};
		C510C1ED24221A3D005762BB /* Build configuration list for PBXNativeTarget "ToDoFire" */ = {
			isa = XCConfigurationList;
			buildConfigurations = (
				C510C1EE24221A3D005762BB /* Debug */,
				C510C1EF24221A3D005762BB /* Release */,
			);
			defaultConfigurationIsVisible = 0;
			defaultConfigurationName = Release;
		};
/* End XCConfigurationList section */

/* Begin XCVersionGroup section */
		C510C1E224221A3A005762BB /* ToDoFire.xcdatamodeld */ = {
			isa = XCVersionGroup;
			children = (
				C510C1E324221A3A005762BB /* ToDoFire.xcdatamodel */,
			);
			currentVersion = C510C1E324221A3A005762BB /* ToDoFire.xcdatamodel */;
			path = ToDoFire.xcdatamodeld;
			sourceTree = "<group>";
			versionGroupType = wrapper.xcdatamodel;
		};
/* End XCVersionGroup section */
	};
	rootObject = C510C1CE24221A3A005762BB /* Project object */;
}
